
Microsoft Visual Studio Solution File, Format Version 12.00
# Visual Studio Version 16
VisualStudioVersion = 16.0.31729.503
MinimumVisualStudioVersion = 10.0.40219.1
Project("{9A19103F-16F7-4668-BE54-9A1E7A4F7556}") = "01.Example", "Example\01.Example.csproj", "{4E30A5B9-BD55-444A-AB06-B60D8F26D37A}"
EndProject
Project("{9A19103F-16F7-4668-BE54-9A1E7A4F7556}") = "02.Degiskenler", "Degiskenler\02.Degiskenler.csproj", "{DA495651-B076-4561-AA25-D69F63157101}"
EndProject
Project("{9A19103F-16F7-4668-BE54-9A1E7A4F7556}") = "04.Sabitler", "Sabitler\04.Sabitler.csproj", "{0B300CA6-DE04-4F45-93A9-2AC62838882C}"
EndProject
Project("{9A19103F-16F7-4668-BE54-9A1E7A4F7556}") = "05.TypeConversion", "TypeConversation\05.TypeConversion.csproj", "{188771C9-A8AA-4348-AA31-D74C14474943}"
EndProject
Project("{9A19103F-16F7-4668-BE54-9A1E7A4F7556}") = "03.Operators", "Operators\03.Operators.csproj", "{EE2572C7-D1E2-48BD-A6EF-12427FF1FFCB}"
EndProject
Project("{9A19103F-16F7-4668-BE54-9A1E7A4F7556}") = "06.AkisKontrolYapilandirilmalari", "AkisKontrolYapilandirilmalari\06.AkisKontrolYapilandirilmalari.csproj", "{63352FAA-D88A-4EC4-B907-449CC399463F}"
EndProject
Project("{9A19103F-16F7-4668-BE54-9A1E7A4F7556}") = "09.HataKontrolMekanizmasi", "HataKontrolMekanizmasi\09.HataKontrolMekanizmasi.csproj", "{8547A979-0F01-4F16-8FD9-72283F36747B}"
EndProject
Project("{9A19103F-16F7-4668-BE54-9A1E7A4F7556}") = "07.Donguler", "Donguler\07.Donguler.csproj", "{395FD57B-5696-4DDE-9E9C-03E06C1B3571}"
EndProject
Project("{9A19103F-16F7-4668-BE54-9A1E7A4F7556}") = "08.Keywords", "Keywords\08.Keywords.csproj", "{8425F8E8-FA69-48F6-9537-2DBF7138CEEB}"
EndProject
Project("{9A19103F-16F7-4668-BE54-9A1E7A4F7556}") = "10.Diziler", "Diziler\10.Diziler.csproj", "{AB5733DF-BF59-421E-B54D-89EC520B2F49}"
EndProject
Project("{9A19103F-16F7-4668-BE54-9A1E7A4F7556}") = "11.String", "String\11.String.csproj", "{A1E4E674-8567-45F1-B571-554150AC6528}"
EndProject
Project("{9A19103F-16F7-4668-BE54-9A1E7A4F7556}") = "12.DizilerdeVeriselPerformans", "12.DizilerdeVeriselPerformans\12.DizilerdeVeriselPerformans.csproj", "{41FB417B-4A4D-476C-93BE-A14F9547E93B}"
EndProject
Project("{FAE04EC0-301F-11D3-BF4B-00C04F79EFBC}") = "13.Düzenliİfadeler", "Düzenliİfadeler\13.Düzenliİfadeler.csproj", "{8269223C-697D-4041-A551-8B09FC3CC95D}"
EndProject
Global
	GlobalSection(SolutionConfigurationPlatforms) = preSolution
		Debug|Any CPU = Debug|Any CPU
		Release|Any CPU = Release|Any CPU
	EndGlobalSection
	GlobalSection(ProjectConfigurationPlatforms) = postSolution
		{4E30A5B9-BD55-444A-AB06-B60D8F26D37A}.Debug|Any CPU.ActiveCfg = Debug|Any CPU
		{4E30A5B9-BD55-444A-AB06-B60D8F26D37A}.Debug|Any CPU.Build.0 = Debug|Any CPU
		{4E30A5B9-BD55-444A-AB06-B60D8F26D37A}.Release|Any CPU.ActiveCfg = Release|Any CPU
		{4E30A5B9-BD55-444A-AB06-B60D8F26D37A}.Release|Any CPU.Build.0 = Release|Any CPU
		{DA495651-B076-4561-AA25-D69F63157101}.Debug|Any CPU.ActiveCfg = Debug|Any CPU
		{DA495651-B076-4561-AA25-D69F63157101}.Debug|Any CPU.Build.0 = Debug|Any CPU
		{DA495651-B076-4561-AA25-D69F63157101}.Release|Any CPU.ActiveCfg = Release|Any CPU
		{DA495651-B076-4561-AA25-D69F63157101}.Release|Any CPU.Build.0 = Release|Any CPU
		{0B300CA6-DE04-4F45-93A9-2AC62838882C}.Debug|Any CPU.ActiveCfg = Debug|Any CPU
		{0B300CA6-DE04-4F45-93A9-2AC62838882C}.Debug|Any CPU.Build.0 = Debug|Any CPU
		{0B300CA6-DE04-4F45-93A9-2AC62838882C}.Release|Any CPU.ActiveCfg = Release|Any CPU
		{0B300CA6-DE04-4F45-93A9-2AC62838882C}.Release|Any CPU.Build.0 = Release|Any CPU
		{188771C9-A8AA-4348-AA31-D74C14474943}.Debug|Any CPU.ActiveCfg = Debug|Any CPU
		{188771C9-A8AA-4348-AA31-D74C14474943}.Debug|Any CPU.Build.0 = Debug|Any CPU
		{188771C9-A8AA-4348-AA31-D74C14474943}.Release|Any CPU.ActiveCfg = Release|Any CPU
		{188771C9-A8AA-4348-AA31-D74C14474943}.Release|Any CPU.Build.0 = Release|Any CPU
		{EE2572C7-D1E2-48BD-A6EF-12427FF1FFCB}.Debug|Any CPU.ActiveCfg = Debug|Any CPU
		{EE2572C7-D1E2-48BD-A6EF-12427FF1FFCB}.Debug|Any CPU.Build.0 = Debug|Any CPU
		{EE2572C7-D1E2-48BD-A6EF-12427FF1FFCB}.Release|Any CPU.ActiveCfg = Release|Any CPU
		{EE2572C7-D1E2-48BD-A6EF-12427FF1FFCB}.Release|Any CPU.Build.0 = Release|Any CPU
		{63352FAA-D88A-4EC4-B907-449CC399463F}.Debug|Any CPU.ActiveCfg = Debug|Any CPU
		{63352FAA-D88A-4EC4-B907-449CC399463F}.Debug|Any CPU.Build.0 = Debug|Any CPU
		{63352FAA-D88A-4EC4-B907-449CC399463F}.Release|Any CPU.ActiveCfg = Release|Any CPU
		{63352FAA-D88A-4EC4-B907-449CC399463F}.Release|Any CPU.Build.0 = Release|Any CPU
		{8547A979-0F01-4F16-8FD9-72283F36747B}.Debug|Any CPU.ActiveCfg = Debug|Any CPU
		{8547A979-0F01-4F16-8FD9-72283F36747B}.Debug|Any CPU.Build.0 = Debug|Any CPU
		{8547A979-0F01-4F16-8FD9-72283F36747B}.Release|Any CPU.ActiveCfg = Release|Any CPU
		{8547A979-0F01-4F16-8FD9-72283F36747B}.Release|Any CPU.Build.0 = Release|Any CPU
		{395FD57B-5696-4DDE-9E9C-03E06C1B3571}.Debug|Any CPU.ActiveCfg = Debug|Any CPU
		{395FD57B-5696-4DDE-9E9C-03E06C1B3571}.Debug|Any CPU.Build.0 = Debug|Any CPU
		{395FD57B-5696-4DDE-9E9C-03E06C1B3571}.Release|Any CPU.ActiveCfg = Release|Any CPU
		{395FD57B-5696-4DDE-9E9C-03E06C1B3571}.Release|Any CPU.Build.0 = Release|Any CPU
		{8425F8E8-FA69-48F6-9537-2DBF7138CEEB}.Debug|Any CPU.ActiveCfg = Debug|Any CPU
		{8425F8E8-FA69-48F6-9537-2DBF7138CEEB}.Debug|Any CPU.Build.0 = Debug|Any CPU
		{8425F8E8-FA69-48F6-9537-2DBF7138CEEB}.Release|Any CPU.ActiveCfg = Release|Any CPU
		{8425F8E8-FA69-48F6-9537-2DBF7138CEEB}.Release|Any CPU.Build.0 = Release|Any CPU
		{AB5733DF-BF59-421E-B54D-89EC520B2F49}.Debug|Any CPU.ActiveCfg = Debug|Any CPU
		{AB5733DF-BF59-421E-B54D-89EC520B2F49}.Debug|Any CPU.Build.0 = Debug|Any CPU
		{AB5733DF-BF59-421E-B54D-89EC520B2F49}.Release|Any CPU.ActiveCfg = Release|Any CPU
		{AB5733DF-BF59-421E-B54D-89EC520B2F49}.Release|Any CPU.Build.0 = Release|Any CPU
		{A1E4E674-8567-45F1-B571-554150AC6528}.Debug|Any CPU.ActiveCfg = Debug|Any CPU
		{A1E4E674-8567-45F1-B571-554150AC6528}.Debug|Any CPU.Build.0 = Debug|Any CPU
		{A1E4E674-8567-45F1-B571-554150AC6528}.Release|Any CPU.ActiveCfg = Release|Any CPU
		{A1E4E674-8567-45F1-B571-554150AC6528}.Release|Any CPU.Build.0 = Release|Any CPU
		{41FB417B-4A4D-476C-93BE-A14F9547E93B}.Debug|Any CPU.ActiveCfg = Debug|Any CPU
		{41FB417B-4A4D-476C-93BE-A14F9547E93B}.Debug|Any CPU.Build.0 = Debug|Any CPU
		{41FB417B-4A4D-476C-93BE-A14F9547E93B}.Release|Any CPU.ActiveCfg = Release|Any CPU
		{41FB417B-4A4D-476C-93BE-A14F9547E93B}.Release|Any CPU.Build.0 = Release|Any CPU
		{8269223C-697D-4041-A551-8B09FC3CC95D}.Debug|Any CPU.ActiveCfg = Debug|Any CPU
		{8269223C-697D-4041-A551-8B09FC3CC95D}.Debug|Any CPU.Build.0 = Debug|Any CPU
		{8269223C-697D-4041-A551-8B09FC3CC95D}.Release|Any CPU.ActiveCfg = Release|Any CPU
		{8269223C-697D-4041-A551-8B09FC3CC95D}.Release|Any CPU.Build.0 = Release|Any CPU
	EndGlobalSection
	GlobalSection(SolutionProperties) = preSolution
		HideSolutionNode = FALSE
	EndGlobalSection
	GlobalSection(ExtensibilityGlobals) = postSolution
		SolutionGuid = {21E86F42-B7AA-4EBC-BA65-B868C3F9F2D1}
	EndGlobalSection
EndGlobal
